// !$*UTF8*$!
{
	archiveVersion = 1;
	classes = {
	};
	objectVersion = 50;
	objects = {

/* Begin PBXBuildFile section */
		3959672124DD1A8800952ACF /* AppDelegate.swift in Sources */ = {isa = PBXBuildFile; fileRef = 3959672024DD1A8800952ACF /* AppDelegate.swift */; };
		3959672324DD1A8800952ACF /* SceneDelegate.swift in Sources */ = {isa = PBXBuildFile; fileRef = 3959672224DD1A8800952ACF /* SceneDelegate.swift */; };
		3959672524DD1A8800952ACF /* ViewController.swift in Sources */ = {isa = PBXBuildFile; fileRef = 3959672424DD1A8800952ACF /* ViewController.swift */; };
		3959672824DD1A8800952ACF /* Main.storyboard in Resources */ = {isa = PBXBuildFile; fileRef = 3959672624DD1A8800952ACF /* Main.storyboard */; };
		3959672A24DD1A8A00952ACF /* Assets.xcassets in Resources */ = {isa = PBXBuildFile; fileRef = 3959672924DD1A8A00952ACF /* Assets.xcassets */; };
		3959672D24DD1A8A00952ACF /* LaunchScreen.storyboard in Resources */ = {isa = PBXBuildFile; fileRef = 3959672B24DD1A8A00952ACF /* LaunchScreen.storyboard */; };
		3959673824DD1A8A00952ACF /* PropertyWarpperStudyTests.swift in Sources */ = {isa = PBXBuildFile; fileRef = 3959673724DD1A8A00952ACF /* PropertyWarpperStudyTests.swift */; };
		3959674324DD1A8A00952ACF /* PropertyWarpperStudyUITests.swift in Sources */ = {isa = PBXBuildFile; fileRef = 3959674224DD1A8A00952ACF /* PropertyWarpperStudyUITests.swift */; };
		3959675224DD25C200952ACF /* UserModel.swift in Sources */ = {isa = PBXBuildFile; fileRef = 3959675124DD25C200952ACF /* UserModel.swift */; };
/* End PBXBuildFile section */

/* Begin PBXContainerItemProxy section */
		3959673424DD1A8A00952ACF /* PBXContainerItemProxy */ = {
			isa = PBXContainerItemProxy;
			containerPortal = 3959671524DD1A8800952ACF /* Project object */;
			proxyType = 1;
			remoteGlobalIDString = 3959671C24DD1A8800952ACF;
			remoteInfo = PropertyWarpperStudy;
		};
		3959673F24DD1A8A00952ACF /* PBXContainerItemProxy */ = {
			isa = PBXContainerItemProxy;
			containerPortal = 3959671524DD1A8800952ACF /* Project object */;
			proxyType = 1;
			remoteGlobalIDString = 3959671C24DD1A8800952ACF;
			remoteInfo = PropertyWarpperStudy;
		};
/* End PBXContainerItemProxy section */

/* Begin PBXFileReference section */
		3959671D24DD1A8800952ACF /* PropertyWarpperStudy.app */ = {isa = PBXFileReference; explicitFileType = wrapper.application; includeInIndex = 0; path = PropertyWarpperStudy.app; sourceTree = BUILT_PRODUCTS_DIR; };
		3959672024DD1A8800952ACF /* AppDelegate.swift */ = {isa = PBXFileReference; lastKnownFileType = sourcecode.swift; path = AppDelegate.swift; sourceTree = "<group>"; };
		3959672224DD1A8800952ACF /* SceneDelegate.swift */ = {isa = PBXFileReference; lastKnownFileType = sourcecode.swift; path = SceneDelegate.swift; sourceTree = "<group>"; };
		3959672424DD1A8800952ACF /* ViewController.swift */ = {isa = PBXFileReference; lastKnownFileType = sourcecode.swift; path = ViewController.swift; sourceTree = "<group>"; };
		3959672724DD1A8800952ACF /* Base */ = {isa = PBXFileReference; lastKnownFileType = file.storyboard; name = Base; path = Base.lproj/Main.storyboard; sourceTree = "<group>"; };
		3959672924DD1A8A00952ACF /* Assets.xcassets */ = {isa = PBXFileReference; lastKnownFileType = folder.assetcatalog; path = Assets.xcassets; sourceTree = "<group>"; };
		3959672C24DD1A8A00952ACF /* Base */ = {isa = PBXFileReference; lastKnownFileType = file.storyboard; name = Base; path = Base.lproj/LaunchScreen.storyboard; sourceTree = "<group>"; };
		3959672E24DD1A8A00952ACF /* Info.plist */ = {isa = PBXFileReference; lastKnownFileType = text.plist.xml; path = Info.plist; sourceTree = "<group>"; };
		3959673324DD1A8A00952ACF /* PropertyWarpperStudyTests.xctest */ = {isa = PBXFileReference; explicitFileType = wrapper.cfbundle; includeInIndex = 0; path = PropertyWarpperStudyTests.xctest; sourceTree = BUILT_PRODUCTS_DIR; };
		3959673724DD1A8A00952ACF /* PropertyWarpperStudyTests.swift */ = {isa = PBXFileReference; lastKnownFileType = sourcecode.swift; path = PropertyWarpperStudyTests.swift; sourceTree = "<group>"; };
		3959673924DD1A8A00952ACF /* Info.plist */ = {isa = PBXFileReference; lastKnownFileType = text.plist.xml; path = Info.plist; sourceTree = "<group>"; };
		3959673E24DD1A8A00952ACF /* PropertyWarpperStudyUITests.xctest */ = {isa = PBXFileReference; explicitFileType = wrapper.cfbundle; includeInIndex = 0; path = PropertyWarpperStudyUITests.xctest; sourceTree = BUILT_PRODUCTS_DIR; };
		3959674224DD1A8A00952ACF /* PropertyWarpperStudyUITests.swift */ = {isa = PBXFileReference; lastKnownFileType = sourcecode.swift; path = PropertyWarpperStudyUITests.swift; sourceTree = "<group>"; };
		3959674424DD1A8A00952ACF /* Info.plist */ = {isa = PBXFileReference; lastKnownFileType = text.plist.xml; path = Info.plist; sourceTree = "<group>"; };
		3959675124DD25C200952ACF /* UserModel.swift */ = {isa = PBXFileReference; lastKnownFileType = sourcecode.swift; path = UserModel.swift; sourceTree = "<group>"; };
/* End PBXFileReference section */

/* Begin PBXFrameworksBuildPhase section */
		3959671A24DD1A8800952ACF /* Frameworks */ = {
			isa = PBXFrameworksBuildPhase;
			buildActionMask = 2147483647;
			files = (
			);
			runOnlyForDeploymentPostprocessing = 0;
		};
		3959673024DD1A8A00952ACF /* Frameworks */ = {
			isa = PBXFrameworksBuildPhase;
			buildActionMask = 2147483647;
			files = (
			);
			runOnlyForDeploymentPostprocessing = 0;
		};
		3959673B24DD1A8A00952ACF /* Frameworks */ = {
			isa = PBXFrameworksBuildPhase;
			buildActionMask = 2147483647;
			files = (
			);
			runOnlyForDeploymentPostprocessing = 0;
		};
/* End PBXFrameworksBuildPhase section */

/* Begin PBXGroup section */
		3959671424DD1A8800952ACF = {
			isa = PBXGroup;
			children = (
				3959671F24DD1A8800952ACF /* PropertyWarpperStudy */,
				3959673624DD1A8A00952ACF /* PropertyWarpperStudyTests */,
				3959674124DD1A8A00952ACF /* PropertyWarpperStudyUITests */,
				3959671E24DD1A8800952ACF /* Products */,
			);
			sourceTree = "<group>";
		};
		3959671E24DD1A8800952ACF /* Products */ = {
			isa = PBXGroup;
			children = (
				3959671D24DD1A8800952ACF /* PropertyWarpperStudy.app */,
				3959673324DD1A8A00952ACF /* PropertyWarpperStudyTests.xctest */,
				3959673E24DD1A8A00952ACF /* PropertyWarpperStudyUITests.xctest */,
			);
			name = Products;
			sourceTree = "<group>";
		};
		3959671F24DD1A8800952ACF /* PropertyWarpperStudy */ = {
			isa = PBXGroup;
			children = (
				3959672424DD1A8800952ACF /* ViewController.swift */,
				3959672624DD1A8800952ACF /* Main.storyboard */,
				3959675124DD25C200952ACF /* UserModel.swift */,
				3959675024DD215D00952ACF /* Supporting Files */,
				3959672E24DD1A8A00952ACF /* Info.plist */,
			);
			path = PropertyWarpperStudy;
			sourceTree = "<group>";
		};
		3959673624DD1A8A00952ACF /* PropertyWarpperStudyTests */ = {
			isa = PBXGroup;
			children = (
				3959673724DD1A8A00952ACF /* PropertyWarpperStudyTests.swift */,
				3959673924DD1A8A00952ACF /* Info.plist */,
			);
			path = PropertyWarpperStudyTests;
			sourceTree = "<group>";
		};
		3959674124DD1A8A00952ACF /* PropertyWarpperStudyUITests */ = {
			isa = PBXGroup;
			children = (
				3959674224DD1A8A00952ACF /* PropertyWarpperStudyUITests.swift */,
				3959674424DD1A8A00952ACF /* Info.plist */,
			);
			path = PropertyWarpperStudyUITests;
			sourceTree = "<group>";
		};
		3959675024DD215D00952ACF /* Supporting Files */ = {
			isa = PBXGroup;
			children = (
				3959672024DD1A8800952ACF /* AppDelegate.swift */,
				3959672224DD1A8800952ACF /* SceneDelegate.swift */,
				3959672924DD1A8A00952ACF /* Assets.xcassets */,
				3959672B24DD1A8A00952ACF /* LaunchScreen.storyboard */,
			);
			path = "Supporting Files";
			sourceTree = "<group>";
		};
/* End PBXGroup section */

/* Begin PBXNativeTarget section */
		3959671C24DD1A8800952ACF /* PropertyWarpperStudy */ = {
			isa = PBXNativeTarget;
			buildConfigurationList = 3959674724DD1A8A00952ACF /* Build configuration list for PBXNativeTarget "PropertyWarpperStudy" */;
			buildPhases = (
				3959671924DD1A8800952ACF /* Sources */,
				3959671A24DD1A8800952ACF /* Frameworks */,
				3959671B24DD1A8800952ACF /* Resources */,
			);
			buildRules = (
			);
			dependencies = (
			);
			name = PropertyWarpperStudy;
			productName = PropertyWarpperStudy;
			productReference = 3959671D24DD1A8800952ACF /* PropertyWarpperStudy.app */;
			productType = "com.apple.product-type.application";
		};
		3959673224DD1A8A00952ACF /* PropertyWarpperStudyTests */ = {
			isa = PBXNativeTarget;
			buildConfigurationList = 3959674A24DD1A8A00952ACF /* Build configuration list for PBXNativeTarget "PropertyWarpperStudyTests" */;
			buildPhases = (
				3959672F24DD1A8A00952ACF /* Sources */,
				3959673024DD1A8A00952ACF /* Frameworks */,
				3959673124DD1A8A00952ACF /* Resources */,
			);
			buildRules = (
			);
			dependencies = (
				3959673524DD1A8A00952ACF /* PBXTargetDependency */,
			);
			name = PropertyWarpperStudyTests;
			productName = PropertyWarpperStudyTests;
			productReference = 3959673324DD1A8A00952ACF /* PropertyWarpperStudyTests.xctest */;
			productType = "com.apple.product-type.bundle.unit-test";
		};
		3959673D24DD1A8A00952ACF /* PropertyWarpperStudyUITests */ = {
			isa = PBXNativeTarget;
			buildConfigurationList = 3959674D24DD1A8A00952ACF /* Build configuration list for PBXNativeTarget "PropertyWarpperStudyUITests" */;
			buildPhases = (
				3959673A24DD1A8A00952ACF /* Sources */,
				3959673B24DD1A8A00952ACF /* Frameworks */,
				3959673C24DD1A8A00952ACF /* Resources */,
			);
			buildRules = (
			);
			dependencies = (
				3959674024DD1A8A00952ACF /* PBXTargetDependency */,
			);
			name = PropertyWarpperStudyUITests;
			productName = PropertyWarpperStudyUITests;
			productReference = 3959673E24DD1A8A00952ACF /* PropertyWarpperStudyUITests.xctest */;
			productType = "com.apple.product-type.bundle.ui-testing";
		};
/* End PBXNativeTarget section */

/* Begin PBXProject section */
		3959671524DD1A8800952ACF /* Project object */ = {
			isa = PBXProject;
			attributes = {
				LastSwiftUpdateCheck = 1160;
				LastUpgradeCheck = 1160;
				ORGANIZATIONNAME = min;
				TargetAttributes = {
					3959671C24DD1A8800952ACF = {
						CreatedOnToolsVersion = 11.6;
					};
					3959673224DD1A8A00952ACF = {
						CreatedOnToolsVersion = 11.6;
						TestTargetID = 3959671C24DD1A8800952ACF;
					};
					3959673D24DD1A8A00952ACF = {
						CreatedOnToolsVersion = 11.6;
						TestTargetID = 3959671C24DD1A8800952ACF;
					};
				};
			};
			buildConfigurationList = 3959671824DD1A8800952ACF /* Build configuration list for PBXProject "PropertyWarpperStudy" */;
			compatibilityVersion = "Xcode 9.3";
			developmentRegion = en;
			hasScannedForEncodings = 0;
			knownRegions = (
				en,
				Base,
			);
			mainGroup = 3959671424DD1A8800952ACF;
			productRefGroup = 3959671E24DD1A8800952ACF /* Products */;
			projectDirPath = "";
			projectRoot = "";
			targets = (
				3959671C24DD1A8800952ACF /* PropertyWarpperStudy */,
				3959673224DD1A8A00952ACF /* PropertyWarpperStudyTests */,
				3959673D24DD1A8A00952ACF /* PropertyWarpperStudyUITests */,
			);
		};
/* End PBXProject section */

/* Begin PBXResourcesBuildPhase section */
		3959671B24DD1A8800952ACF /* Resources */ = {
			isa = PBXResourcesBuildPhase;
			buildActionMask = 2147483647;
			files = (
				3959672D24DD1A8A00952ACF /* LaunchScreen.storyboard in Resources */,
				3959672A24DD1A8A00952ACF /* Assets.xcassets in Resources */,
				3959672824DD1A8800952ACF /* Main.storyboard in Resources */,
			);
			runOnlyForDeploymentPostprocessing = 0;
		};
		3959673124DD1A8A00952ACF /* Resources */ = {
			isa = PBXResourcesBuildPhase;
			buildActionMask = 2147483647;
			files = (
			);
			runOnlyForDeploymentPostprocessing = 0;
		};
		3959673C24DD1A8A00952ACF /* Resources */ = {
			isa = PBXResourcesBuildPhase;
			buildActionMask = 2147483647;
			files = (
			);
			runOnlyForDeploymentPostprocessing = 0;
		};
/* End PBXResourcesBuildPhase section */

/* Begin PBXSourcesBuildPhase section */
		3959671924DD1A8800952ACF /* Sources */ = {
			isa = PBXSourcesBuildPhase;
			buildActionMask = 2147483647;
			files = (
				3959672524DD1A8800952ACF /* ViewController.swift in Sources */,
				3959672124DD1A8800952ACF /* AppDelegate.swift in Sources */,
				3959675224DD25C200952ACF /* UserModel.swift in Sources */,
				3959672324DD1A8800952ACF /* SceneDelegate.swift in Sources */,
			);
			runOnlyForDeploymentPostprocessing = 0;
		};
		3959672F24DD1A8A00952ACF /* Sources */ = {
			isa = PBXSourcesBuildPhase;
			buildActionMask = 2147483647;
			files = (
				3959673824DD1A8A00952ACF /* PropertyWarpperStudyTests.swift in Sources */,
			);
			runOnlyForDeploymentPostprocessing = 0;
		};
		3959673A24DD1A8A00952ACF /* Sources */ = {
			isa = PBXSourcesBuildPhase;
			buildActionMask = 2147483647;
			files = (
				3959674324DD1A8A00952ACF /* PropertyWarpperStudyUITests.swift in Sources */,
			);
			runOnlyForDeploymentPostprocessing = 0;
		};
/* End PBXSourcesBuildPhase section */

/* Begin PBXTargetDependency section */
		3959673524DD1A8A00952ACF /* PBXTargetDependency */ = {
			isa = PBXTargetDependency;
			target = 3959671C24DD1A8800952ACF /* PropertyWarpperStudy */;
			targetProxy = 3959673424DD1A8A00952ACF /* PBXContainerItemProxy */;
		};
		3959674024DD1A8A00952ACF /* PBXTargetDependency */ = {
			isa = PBXTargetDependency;
			target = 3959671C24DD1A8800952ACF /* PropertyWarpperStudy */;
			targetProxy = 3959673F24DD1A8A00952ACF /* PBXContainerItemProxy */;
		};
/* End PBXTargetDependency section */

/* Begin PBXVariantGroup section */
		3959672624DD1A8800952ACF /* Main.storyboard */ = {
			isa = PBXVariantGroup;
			children = (
				3959672724DD1A8800952ACF /* Base */,
			);
			name = Main.storyboard;
			sourceTree = "<group>";
		};
		3959672B24DD1A8A00952ACF /* LaunchScreen.storyboard */ = {
			isa = PBXVariantGroup;
			children = (
				3959672C24DD1A8A00952ACF /* Base */,
			);
			name = LaunchScreen.storyboard;
			sourceTree = "<group>";
		};
/* End PBXVariantGroup section */

/* Begin XCBuildConfiguration section */
		3959674524DD1A8A00952ACF /* Debug */ = {
			isa = XCBuildConfiguration;
			buildSettings = {
				ALWAYS_SEARCH_USER_PATHS = NO;
				CLANG_ANALYZER_NONNULL = YES;
				CLANG_ANALYZER_NUMBER_OBJECT_CONVERSION = YES_AGGRESSIVE;
				CLANG_CXX_LANGUAGE_STANDARD = "gnu++14";
				CLANG_CXX_LIBRARY = "libc++";
				CLANG_ENABLE_MODULES = YES;
				CLANG_ENABLE_OBJC_ARC = YES;
				CLANG_ENABLE_OBJC_WEAK = YES;
				CLANG_WARN_BLOCK_CAPTURE_AUTORELEASING = YES;
				CLANG_WARN_BOOL_CONVERSION = YES;
				CLANG_WARN_COMMA = YES;
				CLANG_WARN_CONSTANT_CONVERSION = YES;
				CLANG_WARN_DEPRECATED_OBJC_IMPLEMENTATIONS = YES;
				CLANG_WARN_DIRECT_OBJC_ISA_USAGE = YES_ERROR;
				CLANG_WARN_DOCUMENTATION_COMMENTS = YES;
				CLANG_WARN_EMPTY_BODY = YES;
				CLANG_WARN_ENUM_CONVERSION = YES;
				CLANG_WARN_INFINITE_RECURSION = YES;
				CLANG_WARN_INT_CONVERSION = YES;
				CLANG_WARN_NON_LITERAL_NULL_CONVERSION = YES;
				CLANG_WARN_OBJC_IMPLICIT_RETAIN_SELF = YES;
				CLANG_WARN_OBJC_LITERAL_CONVERSION = YES;
				CLANG_WARN_OBJC_ROOT_CLASS = YES_ERROR;
				CLANG_WARN_RANGE_LOOP_ANALYSIS = YES;
				CLANG_WARN_STRICT_PROTOTYPES = YES;
				CLANG_WARN_SUSPICIOUS_MOVE = YES;
				CLANG_WARN_UNGUARDED_AVAILABILITY = YES_AGGRESSIVE;
				CLANG_WARN_UNREACHABLE_CODE = YES;
				CLANG_WARN__DUPLICATE_METHOD_MATCH = YES;
				COPY_PHASE_STRIP = NO;
				DEBUG_INFORMATION_FORMAT = dwarf;
				ENABLE_STRICT_OBJC_MSGSEND = YES;
				ENABLE_TESTABILITY = YES;
				GCC_C_LANGUAGE_STANDARD = gnu11;
				GCC_DYNAMIC_NO_PIC = NO;
				GCC_NO_COMMON_BLOCKS = YES;
				GCC_OPTIMIZATION_LEVEL = 0;
				GCC_PREPROCESSOR_DEFINITIONS = (
					"DEBUG=1",
					"$(inherited)",
				);
				GCC_WARN_64_TO_32_BIT_CONVERSION = YES;
				GCC_WARN_ABOUT_RETURN_TYPE = YES_ERROR;
				GCC_WARN_UNDECLARED_SELECTOR = YES;
				GCC_WARN_UNINITIALIZED_AUTOS = YES_AGGRESSIVE;
				GCC_WARN_UNUSED_FUNCTION = YES;
				GCC_WARN_UNUSED_VARIABLE = YES;
				IPHONEOS_DEPLOYMENT_TARGET = 13.6;
				MTL_ENABLE_DEBUG_INFO = INCLUDE_SOURCE;
				MTL_FAST_MATH = YES;
				ONLY_ACTIVE_ARCH = YES;
				SDKROOT = iphoneos;
				SWIFT_ACTIVE_COMPILATION_CONDITIONS = DEBUG;
				SWIFT_OPTIMIZATION_LEVEL = "-Onone";
			};
			name = Debug;
		};
		3959674624DD1A8A00952ACF /* Release */ = {
			isa = XCBuildConfiguration;
			buildSettings = {
				ALWAYS_SEARCH_USER_PATHS = NO;
				CLANG_ANALYZER_NONNULL = YES;
				CLANG_ANALYZER_NUMBER_OBJECT_CONVERSION = YES_AGGRESSIVE;
				CLANG_CXX_LANGUAGE_STANDARD = "gnu++14";
				CLANG_CXX_LIBRARY = "libc++";
				CLANG_ENABLE_MODULES = YES;
				CLANG_ENABLE_OBJC_ARC = YES;
				CLANG_ENABLE_OBJC_WEAK = YES;
				CLANG_WARN_BLOCK_CAPTURE_AUTORELEASING = YES;
				CLANG_WARN_BOOL_CONVERSION = YES;
				CLANG_WARN_COMMA = YES;
				CLANG_WARN_CONSTANT_CONVERSION = YES;
				CLANG_WARN_DEPRECATED_OBJC_IMPLEMENTATIONS = YES;
				CLANG_WARN_DIRECT_OBJC_ISA_USAGE = YES_ERROR;
				CLANG_WARN_DOCUMENTATION_COMMENTS = YES;
				CLANG_WARN_EMPTY_BODY = YES;
				CLANG_WARN_ENUM_CONVERSION = YES;
				CLANG_WARN_INFINITE_RECURSION = YES;
				CLANG_WARN_INT_CONVERSION = YES;
				CLANG_WARN_NON_LITERAL_NULL_CONVERSION = YES;
				CLANG_WARN_OBJC_IMPLICIT_RETAIN_SELF = YES;
				CLANG_WARN_OBJC_LITERAL_CONVERSION = YES;
				CLANG_WARN_OBJC_ROOT_CLASS = YES_ERROR;
				CLANG_WARN_RANGE_LOOP_ANALYSIS = YES;
				CLANG_WARN_STRICT_PROTOTYPES = YES;
				CLANG_WARN_SUSPICIOUS_MOVE = YES;
				CLANG_WARN_UNGUARDED_AVAILABILITY = YES_AGGRESSIVE;
				CLANG_WARN_UNREACHABLE_CODE = YES;
				CLANG_WARN__DUPLICATE_METHOD_MATCH = YES;
				COPY_PHASE_STRIP = NO;
				DEBUG_INFORMATION_FORMAT = "dwarf-with-dsym";
				ENABLE_NS_ASSERTIONS = NO;
				ENABLE_STRICT_OBJC_MSGSEND = YES;
				GCC_C_LANGUAGE_STANDARD = gnu11;
				GCC_NO_COMMON_BLOCKS = YES;
				GCC_WARN_64_TO_32_BIT_CONVERSION = YES;
				GCC_WARN_ABOUT_RETURN_TYPE = YES_ERROR;
				GCC_WARN_UNDECLARED_SELECTOR = YES;
				GCC_WARN_UNINITIALIZED_AUTOS = YES_AGGRESSIVE;
				GCC_WARN_UNUSED_FUNCTION = YES;
				GCC_WARN_UNUSED_VARIABLE = YES;
				IPHONEOS_DEPLOYMENT_TARGET = 13.6;
				MTL_ENABLE_DEBUG_INFO = NO;
				MTL_FAST_MATH = YES;
				SDKROOT = iphoneos;
				SWIFT_COMPILATION_MODE = wholemodule;
				SWIFT_OPTIMIZATION_LEVEL = "-O";
				VALIDATE_PRODUCT = YES;
			};
			name = Release;
		};
		3959674824DD1A8A00952ACF /* Debug */ = {
			isa = XCBuildConfiguration;
			buildSettings = {
				ASSETCATALOG_COMPILER_APPICON_NAME = AppIcon;
				CODE_SIGN_STYLE = Automatic;
				DEVELOPMENT_TEAM = K5CDF5S9JD;
				INFOPLIST_FILE = PropertyWarpperStudy/Info.plist;
				LD_RUNPATH_SEARCH_PATHS = (
					"$(inherited)",
					"@executable_path/Frameworks",
				);
				PRODUCT_BUNDLE_IDENTIFIER = min.PropertyWarpperStudy;
				PRODUCT_NAME = "$(TARGET_NAME)";
				SWIFT_VERSION = 5.0;
				TARGETED_DEVICE_FAMILY = "1,2";
			};
			name = Debug;
		};
		3959674924DD1A8A00952ACF /* Release */ = {
			isa = XCBuildConfiguration;
			buildSettings = {
				ASSETCATALOG_COMPILER_APPICON_NAME = AppIcon;
				CODE_SIGN_STYLE = Automatic;
				DEVELOPMENT_TEAM = K5CDF5S9JD;
				INFOPLIST_FILE = PropertyWarpperStudy/Info.plist;
				LD_RUNPATH_SEARCH_PATHS = (
					"$(inherited)",
					"@executable_path/Frameworks",
				);
				PRODUCT_BUNDLE_IDENTIFIER = min.PropertyWarpperStudy;
				PRODUCT_NAME = "$(TARGET_NAME)";
				SWIFT_VERSION = 5.0;
				TARGETED_DEVICE_FAMILY = "1,2";
			};
			name = Release;
		};
		3959674B24DD1A8A00952ACF /* Debug */ = {
			isa = XCBuildConfiguration;
			buildSettings = {
				ALWAYS_EMBED_SWIFT_STANDARD_LIBRARIES = YES;
				BUNDLE_LOADER = "$(TEST_HOST)";
				CODE_SIGN_STYLE = Automatic;
				DEVELOPMENT_TEAM = K5CDF5S9JD;
				INFOPLIST_FILE = PropertyWarpperStudyTests/Info.plist;
				IPHONEOS_DEPLOYMENT_TARGET = 13.6;
				LD_RUNPATH_SEARCH_PATHS = (
					"$(inherited)",
					"@executable_path/Frameworks",
					"@loader_path/Frameworks",
				);
				PRODUCT_BUNDLE_IDENTIFIER = min.PropertyWarpperStudyTests;
				PRODUCT_NAME = "$(TARGET_NAME)";
				SWIFT_VERSION = 5.0;
				TARGETED_DEVICE_FAMILY = "1,2";
				TEST_HOST = "$(BUILT_PRODUCTS_DIR)/PropertyWarpperStudy.app/PropertyWarpperStudy";
			};
			name = Debug;
		};
		3959674C24DD1A8A00952ACF /* Release */ = {
			isa = XCBuildConfiguration;
			buildSettings = {
				ALWAYS_EMBED_SWIFT_STANDARD_LIBRARIES = YES;
				BUNDLE_LOADER = "$(TEST_HOST)";
				CODE_SIGN_STYLE = Automatic;
				DEVELOPMENT_TEAM = K5CDF5S9JD;
				INFOPLIST_FILE = PropertyWarpperStudyTests/Info.plist;
				IPHONEOS_DEPLOYMENT_TARGET = 13.6;
				LD_RUNPATH_SEARCH_PATHS = (
					"$(inherited)",
					"@executable_path/Frameworks",
					"@loader_path/Frameworks",
				);
				PRODUCT_BUNDLE_IDENTIFIER = min.PropertyWarpperStudyTests;
				PRODUCT_NAME = "$(TARGET_NAME)";
				SWIFT_VERSION = 5.0;
				TARGETED_DEVICE_FAMILY = "1,2";
				TEST_HOST = "$(BUILT_PRODUCTS_DIR)/PropertyWarpperStudy.app/PropertyWarpperStudy";
			};
			name = Release;
		};
		3959674E24DD1A8A00952ACF /* Debug */ = {
			isa = XCBuildConfiguration;
			buildSettings = {
				ALWAYS_EMBED_SWIFT_STANDARD_LIBRARIES = YES;
				CODE_SIGN_STYLE = Automatic;
				DEVELOPMENT_TEAM = K5CDF5S9JD;
				INFOPLIST_FILE = PropertyWarpperStudyUITests/Info.plist;
				LD_RUNPATH_SEARCH_PATHS = (
					"$(inherited)",
					"@executable_path/Frameworks",
					"@loader_path/Frameworks",
				);
				PRODUCT_BUNDLE_IDENTIFIER = min.PropertyWarpperStudyUITests;
				PRODUCT_NAME = "$(TARGET_NAME)";
				SWIFT_VERSION = 5.0;
				TARGETED_DEVICE_FAMILY = "1,2";
				TEST_TARGET_NAME = PropertyWarpperStudy;
			};
			name = Debug;
		};
		3959674F24DD1A8A00952ACF /* Release */ = {
			isa = XCBuildConfiguration;
			buildSettings = {
				ALWAYS_EMBED_SWIFT_STANDARD_LIBRARIES = YES;
				CODE_SIGN_STYLE = Automatic;
				DEVELOPMENT_TEAM = K5CDF5S9JD;
				INFOPLIST_FILE = PropertyWarpperStudyUITests/Info.plist;
				LD_RUNPATH_SEARCH_PATHS = (
					"$(inherited)",
					"@executable_path/Frameworks",
					"@loader_path/Frameworks",
				);
				PRODUCT_BUNDLE_IDENTIFIER = min.PropertyWarpperStudyUITests;
				PRODUCT_NAME = "$(TARGET_NAME)";
				SWIFT_VERSION = 5.0;
				TARGETED_DEVICE_FAMILY = "1,2";
				TEST_TARGET_NAME = PropertyWarpperStudy;
			};
			name = Release;
		};
/* End XCBuildConfiguration section */

/* Begin XCConfigurationList section */
		3959671824DD1A8800952ACF /* Build configuration list for PBXProject "PropertyWarpperStudy" */ = {
			isa = XCConfigurationList;
			buildConfigurations = (
				3959674524DD1A8A00952ACF /* Debug */,
				3959674624DD1A8A00952ACF /* Release */,
			);
			defaultConfigurationIsVisible = 0;
			defaultConfigurationName = Release;
		};
		3959674724DD1A8A00952ACF /* Build configuration list for PBXNativeTarget "PropertyWarpperStudy" */ = {
			isa = XCConfigurationList;
			buildConfigurations = (
				3959674824DD1A8A00952ACF /* Debug */,
				3959674924DD1A8A00952ACF /* Release */,
			);
			defaultConfigurationIsVisible = 0;
			defaultConfigurationName = Release;
		};
		3959674A24DD1A8A00952ACF /* Build configuration list for PBXNativeTarget "PropertyWarpperStudyTests" */ = {
			isa = XCConfigurationList;
			buildConfigurations = (
				3959674B24DD1A8A00952ACF /* Debug */,
				3959674C24DD1A8A00952ACF /* Release */,
			);
			defaultConfigurationIsVisible = 0;
			defaultConfigurationName = Release;
		};
		3959674D24DD1A8A00952ACF /* Build configuration list for PBXNativeTarget "PropertyWarpperStudyUITests" */ = {
			isa = XCConfigurationList;
			buildConfigurations = (
				3959674E24DD1A8A00952ACF /* Debug */,
				3959674F24DD1A8A00952ACF /* Release */,
			);
			defaultConfigurationIsVisible = 0;
			defaultConfigurationName = Release;
		};
/* End XCConfigurationList section */
	};
	rootObject = 3959671524DD1A8800952ACF /* Project object */;
}
